
Microsoft Visual Studio Solution File, Format Version 12.00
# Visual Studio Version 17
VisualStudioVersion = 17.5.33516.290
MinimumVisualStudioVersion = 10.0.40219.1
Project("{9A19103F-16F7-4668-BE54-9A1E7A4F7556}") = "FiguresProject", "TestMindBox\FiguresProject.csproj", "{E5125078-27EE-4B86-8AC3-434E3E925A13}"
EndProject
Project("{FAE04EC0-301F-11D3-BF4B-00C04F79EFBC}") = "TestProject", "TestProject\TestProject.csproj", "{F7117B3E-56C5-4171-B493-EA8ACDBF5B8A}"
EndProject
Global
	GlobalSection(SolutionConfigurationPlatforms) = preSolution
		Debug|Any CPU = Debug|Any CPU
		Release|Any CPU = Release|Any CPU
	EndGlobalSection
	GlobalSection(ProjectConfigurationPlatforms) = postSolution
		{E5125078-27EE-4B86-8AC3-434E3E925A13}.Debug|Any CPU.ActiveCfg = Debug|Any CPU
		{E5125078-27EE-4B86-8AC3-434E3E925A13}.Debug|Any CPU.Build.0 = Debug|Any CPU
		{E5125078-27EE-4B86-8AC3-434E3E925A13}.Release|Any CPU.ActiveCfg = Release|Any CPU
		{E5125078-27EE-4B86-8AC3-434E3E925A13}.Release|Any CPU.Build.0 = Release|Any CPU
		{F7117B3E-56C5-4171-B493-EA8ACDBF5B8A}.Debug|Any CPU.ActiveCfg = Debug|Any CPU
		{F7117B3E-56C5-4171-B493-EA8ACDBF5B8A}.Debug|Any CPU.Build.0 = Debug|Any CPU
		{F7117B3E-56C5-4171-B493-EA8ACDBF5B8A}.Release|Any CPU.ActiveCfg = Release|Any CPU
		{F7117B3E-56C5-4171-B493-EA8ACDBF5B8A}.Release|Any CPU.Build.0 = Release|Any CPU
	EndGlobalSection
	GlobalSection(SolutionProperties) = preSolution
		HideSolutionNode = FALSE
	EndGlobalSection
	GlobalSection(ExtensibilityGlobals) = postSolution
		SolutionGuid = {040B4FEE-D42A-4051-B099-25385B2B636A}
	EndGlobalSection
EndGlobal
